
Microsoft Visual Studio Solution File, Format Version 12.00
# Visual Studio 15
VisualStudioVersion = 15.0.26430.15
MinimumVisualStudioVersion = 10.0.40219.1
Project("{FAE04EC0-301F-11D3-BF4B-00C04F79EFBC}") = "MailingAddressDisplayConsole", "MailingAddressDisplayConsole\MailingAddressDisplayConsole.csproj", "{194A542F-A34A-47F2-8E06-62E8DDC71685}"
EndProject
Project("{FAE04EC0-301F-11D3-BF4B-00C04F79EFBC}") = "SupportLibrary", "SupportLibrary\SupportLibrary.csproj", "{D117F608-F436-4697-B83E-99DC002F76D8}"
EndProject
Project("{FAE04EC0-301F-11D3-BF4B-00C04F79EFBC}") = "StudentInformationConsole", "StudentInformationConsole\StudentInformationConsole.csproj", "{384C1026-3E42-4232-96BB-8DE6291ADDD6}"
EndProject
Global
	GlobalSection(SolutionConfigurationPlatforms) = preSolution
		Debug|Any CPU = Debug|Any CPU
		Release|Any CPU = Release|Any CPU
	EndGlobalSection
	GlobalSection(ProjectConfigurationPlatforms) = postSolution
		{194A542F-A34A-47F2-8E06-62E8DDC71685}.Debug|Any CPU.ActiveCfg = Debug|Any CPU
		{194A542F-A34A-47F2-8E06-62E8DDC71685}.Debug|Any CPU.Build.0 = Debug|Any CPU
		{194A542F-A34A-47F2-8E06-62E8DDC71685}.Release|Any CPU.ActiveCfg = Release|Any CPU
		{194A542F-A34A-47F2-8E06-62E8DDC71685}.Release|Any CPU.Build.0 = Release|Any CPU
		{D117F608-F436-4697-B83E-99DC002F76D8}.Debug|Any CPU.ActiveCfg = Debug|Any CPU
		{D117F608-F436-4697-B83E-99DC002F76D8}.Debug|Any CPU.Build.0 = Debug|Any CPU
		{D117F608-F436-4697-B83E-99DC002F76D8}.Release|Any CPU.ActiveCfg = Release|Any CPU
		{D117F608-F436-4697-B83E-99DC002F76D8}.Release|Any CPU.Build.0 = Release|Any CPU
		{384C1026-3E42-4232-96BB-8DE6291ADDD6}.Debug|Any CPU.ActiveCfg = Debug|Any CPU
		{384C1026-3E42-4232-96BB-8DE6291ADDD6}.Debug|Any CPU.Build.0 = Debug|Any CPU
		{384C1026-3E42-4232-96BB-8DE6291ADDD6}.Release|Any CPU.ActiveCfg = Release|Any CPU
		{384C1026-3E42-4232-96BB-8DE6291ADDD6}.Release|Any CPU.Build.0 = Release|Any CPU
	EndGlobalSection
	GlobalSection(SolutionProperties) = preSolution
		HideSolutionNode = FALSE
	EndGlobalSection
EndGlobal
